
Microsoft Visual Studio Solution File, Format Version 12.00
# Visual Studio 2013
VisualStudioVersion = 12.0.30723.0
MinimumVisualStudioVersion = 10.0.40219.1
Project("{2150E333-8FDC-42A3-9474-1A3956D46DE8}") = "src", "src", "{FDC2CA8B-DF84-4991-BA2F-D4A82BAE045C}"
EndProject
Project("{2150E333-8FDC-42A3-9474-1A3956D46DE8}") = ".nuget", ".nuget", "{2EE82D6D-3BE6-45E4-BF21-DE79F78ADC27}"
	ProjectSection(SolutionItems) = preProject
		.nuget\NuGet.Config = .nuget\NuGet.Config
		.nuget\NuGet.exe = .nuget\NuGet.exe
		.nuget\NuGet.targets = .nuget\NuGet.targets
	EndProjectSection
EndProject
Project("{FAE04EC0-301F-11D3-BF4B-00C04F79EFBC}") = "Core", "src\Core\Core.csproj", "{F48BD43B-F052-4B1F-B661-6AA0076A6EAB}"
EndProject
Project("{FAE04EC0-301F-11D3-BF4B-00C04F79EFBC}") = "DataAccess", "src\DataAccess\DataAccess.csproj", "{339065E8-0A1B-4919-96E9-2F047E0449B0}"
EndProject
Project("{FAE04EC0-301F-11D3-BF4B-00C04F79EFBC}") = "Web", "Src\Web\Web.csproj", "{96D5D045-BB40-46F3-945C-4E708C554D50}"
EndProject
Project("{2150E333-8FDC-42A3-9474-1A3956D46DE8}") = "Tests", "Tests", "{62D534E3-4275-4E44-BB8B-D71BCF7F97FF}"
EndProject
Project("{FAE04EC0-301F-11D3-BF4B-00C04F79EFBC}") = "TestLibrary", "Tests\TestLibrary\TestLibrary.csproj", "{9202BD30-FA92-47A9-94D7-E979EF88492D}"
EndProject
Project("{FAE04EC0-301F-11D3-BF4B-00C04F79EFBC}") = "UnitTests", "Tests\UnitTests\UnitTests.csproj", "{2D25F16A-D229-46A3-9221-8F4DF22E11E9}"
EndProject
Project("{FAE04EC0-301F-11D3-BF4B-00C04F79EFBC}") = "UtilitiesLibrary", "src\UtilitiesLibrary\UtilitiesLibrary.csproj", "{018D754F-7A5A-4DEC-A013-CA4D809AEF27}"
EndProject
Global
	GlobalSection(SolutionConfigurationPlatforms) = preSolution
		Debug|Any CPU = Debug|Any CPU
		Release|Any CPU = Release|Any CPU
	EndGlobalSection
	GlobalSection(ProjectConfigurationPlatforms) = postSolution
		{F48BD43B-F052-4B1F-B661-6AA0076A6EAB}.Debug|Any CPU.ActiveCfg = Debug|Any CPU
		{F48BD43B-F052-4B1F-B661-6AA0076A6EAB}.Debug|Any CPU.Build.0 = Debug|Any CPU
		{F48BD43B-F052-4B1F-B661-6AA0076A6EAB}.Release|Any CPU.ActiveCfg = Release|Any CPU
		{F48BD43B-F052-4B1F-B661-6AA0076A6EAB}.Release|Any CPU.Build.0 = Release|Any CPU
		{339065E8-0A1B-4919-96E9-2F047E0449B0}.Debug|Any CPU.ActiveCfg = Debug|Any CPU
		{339065E8-0A1B-4919-96E9-2F047E0449B0}.Debug|Any CPU.Build.0 = Debug|Any CPU
		{339065E8-0A1B-4919-96E9-2F047E0449B0}.Release|Any CPU.ActiveCfg = Release|Any CPU
		{339065E8-0A1B-4919-96E9-2F047E0449B0}.Release|Any CPU.Build.0 = Release|Any CPU
		{96D5D045-BB40-46F3-945C-4E708C554D50}.Debug|Any CPU.ActiveCfg = Debug|Any CPU
		{96D5D045-BB40-46F3-945C-4E708C554D50}.Debug|Any CPU.Build.0 = Debug|Any CPU
		{96D5D045-BB40-46F3-945C-4E708C554D50}.Release|Any CPU.ActiveCfg = Release|Any CPU
		{96D5D045-BB40-46F3-945C-4E708C554D50}.Release|Any CPU.Build.0 = Release|Any CPU
		{9202BD30-FA92-47A9-94D7-E979EF88492D}.Debug|Any CPU.ActiveCfg = Debug|Any CPU
		{9202BD30-FA92-47A9-94D7-E979EF88492D}.Debug|Any CPU.Build.0 = Debug|Any CPU
		{9202BD30-FA92-47A9-94D7-E979EF88492D}.Release|Any CPU.ActiveCfg = Release|Any CPU
		{9202BD30-FA92-47A9-94D7-E979EF88492D}.Release|Any CPU.Build.0 = Release|Any CPU
		{2D25F16A-D229-46A3-9221-8F4DF22E11E9}.Debug|Any CPU.ActiveCfg = Debug|Any CPU
		{2D25F16A-D229-46A3-9221-8F4DF22E11E9}.Debug|Any CPU.Build.0 = Debug|Any CPU
		{2D25F16A-D229-46A3-9221-8F4DF22E11E9}.Release|Any CPU.ActiveCfg = Release|Any CPU
		{2D25F16A-D229-46A3-9221-8F4DF22E11E9}.Release|Any CPU.Build.0 = Release|Any CPU
		{018D754F-7A5A-4DEC-A013-CA4D809AEF27}.Debug|Any CPU.ActiveCfg = Debug|Any CPU
		{018D754F-7A5A-4DEC-A013-CA4D809AEF27}.Debug|Any CPU.Build.0 = Debug|Any CPU
		{018D754F-7A5A-4DEC-A013-CA4D809AEF27}.Release|Any CPU.ActiveCfg = Release|Any CPU
		{018D754F-7A5A-4DEC-A013-CA4D809AEF27}.Release|Any CPU.Build.0 = Release|Any CPU
	EndGlobalSection
	GlobalSection(SolutionProperties) = preSolution
		HideSolutionNode = FALSE
	EndGlobalSection
	GlobalSection(NestedProjects) = preSolution
		{F48BD43B-F052-4B1F-B661-6AA0076A6EAB} = {FDC2CA8B-DF84-4991-BA2F-D4A82BAE045C}
		{339065E8-0A1B-4919-96E9-2F047E0449B0} = {FDC2CA8B-DF84-4991-BA2F-D4A82BAE045C}
		{96D5D045-BB40-46F3-945C-4E708C554D50} = {FDC2CA8B-DF84-4991-BA2F-D4A82BAE045C}
		{9202BD30-FA92-47A9-94D7-E979EF88492D} = {62D534E3-4275-4E44-BB8B-D71BCF7F97FF}
		{2D25F16A-D229-46A3-9221-8F4DF22E11E9} = {62D534E3-4275-4E44-BB8B-D71BCF7F97FF}
		{018D754F-7A5A-4DEC-A013-CA4D809AEF27} = {FDC2CA8B-DF84-4991-BA2F-D4A82BAE045C}
	EndGlobalSection
EndGlobal
